<?xml version="1.0" encoding="UTF-8" standalone="yes" ?>
<CodeBlocks_project_file>
	<FileVersion major="1" minor="6" />
	<Project>
		<Option title="adote" />
		<Option pch_mode="2" />
		<Option compiler="gcc" />
		<Build>
			<Target title="Debug">
				<Option output="bin/Debug/adote" prefix_auto="1" extension_auto="1" />
				<Option object_output="obj/Debug/" />
				<Option type="1" />
				<Option compiler="gcc" />
				<Compiler>
					<Add option="-g" />
					<Add directory="include" />
					<Add directory="/home/paulo/Área de Trabalho/PROGRAMMING/LP1/adote" />
				</Compiler>
			</Target>
		</Build>
		<Compiler>
			<Add option="-Wall" />
			<Add option="-fexceptions" />
		</Compiler>
		<Unit filename="Adote.cpp" />
		<Unit filename="Crianca.cpp" />
		<Unit filename="Crianca.cpp" />
		<Unit filename="CriancaPretendida.cpp" />
		<Unit filename="DOCS/Documentacao.odt" />
		<Unit filename="DOCS/Documentacao.pdf" />
		<Unit filename="Familia.cpp" />
		<Unit filename="Juiz.cpp" />
		<Unit filename="ListaCriancas.cpp" />
		<Unit filename="Orfanato.cpp" />
		<Unit filename="Pais.cpp" />
		<Unit filename="README.md" />
		<Unit filename="adote.layout" />
		<Unit filename="css/adote.css" />
		<Unit filename="css/bootstrap-3.3.6-dist.zip" />
		<Unit filename="css/bootstrap-3.3.6-dist/css/bootstrap-theme.css" />
		<Unit filename="css/bootstrap-3.3.6-dist/css/bootstrap-theme.css.map" />
		<Unit filename="css/bootstrap-3.3.6-dist/css/bootstrap-theme.min.css" />
		<Unit filename="css/bootstrap-3.3.6-dist/css/bootstrap-theme.min.css.map" />
		<Unit filename="css/bootstrap-3.3.6-dist/css/bootstrap.css" />
		<Unit filename="css/bootstrap-3.3.6-dist/css/bootstrap.css.map" />
		<Unit filename="css/bootstrap-3.3.6-dist/css/bootstrap.min.css" />
		<Unit filename="css/bootstrap-3.3.6-dist/css/bootstrap.min.css.map" />
		<Unit filename="css/bootstrap-3.3.6-dist/fonts/glyphicons-halflings-regular.eot" />
		<Unit filename="css/bootstrap-3.3.6-dist/fonts/glyphicons-halflings-regular.svg" />
		<Unit filename="css/bootstrap-3.3.6-dist/fonts/glyphicons-halflings-regular.ttf" />
		<Unit filename="css/bootstrap-3.3.6-dist/fonts/glyphicons-halflings-regular.woff" />
		<Unit filename="css/bootstrap-3.3.6-dist/fonts/glyphicons-halflings-regular.woff2" />
		<Unit filename="css/bootstrap-3.3.6-dist/js/bootstrap.js" />
		<Unit filename="css/bootstrap-3.3.6-dist/js/bootstrap.min.js" />
		<Unit filename="css/bootstrap-3.3.6-dist/js/npm.js" />
		<Unit filename="css/bootstrap-theme.min.css" />
		<Unit filename="css/bootstrap.min.css" />
		<Unit filename="css/font-awesome.min.css" />
		<Unit filename="headers/Adote.h" />
		<Unit filename="headers/Crianca.h" />
		<Unit filename="headers/CriancaPretendida.h" />
		<Unit filename="headers/Familia.h" />
		<Unit filename="headers/Juiz.h" />
		<Unit filename="headers/ListaCriancas.h" />
		<Unit filename="headers/Orfanato.h" />
		<Unit filename="headers/Pais.h" />
		<Unit filename="main.cpp" />
		<Unit filename="obj/Debug/main.o" />
		<Unit filename="queue/queue.cpp" />
		<Unit filename="templates.xml" />
		<Extensions>
			<code_completion />
			<debugger />
		</Extensions>
	</Project>
</CodeBlocks_project_file>
